
Microsoft Visual Studio Solution File, Format Version 12.00
# Visual Studio Version 17
VisualStudioVersion = 17.5.33424.131
MinimumVisualStudioVersion = 10.0.40219.1
Project("{FAE04EC0-301F-11D3-BF4B-00C04F79EFBC}") = "Bozteke Alarm", "Bozteke Alarm\Bozteke Alarm.csproj", "{BC48C58C-AE07-4A37-BF67-7E54696F8532}"
EndProject
Global
	GlobalSection(SolutionConfigurationPlatforms) = preSolution
		Debug|Any CPU = Debug|Any CPU
		Release|Any CPU = Release|Any CPU
	EndGlobalSection
	GlobalSection(ProjectConfigurationPlatforms) = postSolution
		{BC48C58C-AE07-4A37-BF67-7E54696F8532}.Debug|Any CPU.ActiveCfg = Debug|Any CPU
		{BC48C58C-AE07-4A37-BF67-7E54696F8532}.Debug|Any CPU.Build.0 = Debug|Any CPU
		{BC48C58C-AE07-4A37-BF67-7E54696F8532}.Release|Any CPU.ActiveCfg = Release|Any CPU
		{BC48C58C-AE07-4A37-BF67-7E54696F8532}.Release|Any CPU.Build.0 = Release|Any CPU
	EndGlobalSection
	GlobalSection(SolutionProperties) = preSolution
		HideSolutionNode = FALSE
	EndGlobalSection
	GlobalSection(ExtensibilityGlobals) = postSolution
		SolutionGuid = {7C45DF66-A62D-4A30-AC59-EFB626704E03}
	EndGlobalSection
EndGlobal
